// !$*UTF8*$!
{
	archiveVersion = 1;
	classes = {
	};
	objectVersion = 56;
	objects = {

/* Begin PBXBuildFile section */
		E50951E929BF93C600666B55 /* UIColor-extension.swift in Sources */ = {isa = PBXBuildFile; fileRef = E50951E829BF93C600666B55 /* UIColor-extension.swift */; };
		E50951EB29BF97D000666B55 /* Resources.swift in Sources */ = {isa = PBXBuildFile; fileRef = E50951EA29BF97D000666B55 /* Resources.swift */; };
		E509520429BFAE7A00666B55 /* Montserrat-Medium.ttf in Resources */ = {isa = PBXBuildFile; fileRef = E50951F029BFAE7800666B55 /* Montserrat-Medium.ttf */; };
		E509520529BFAE7A00666B55 /* Montserrat-MediumItalic.ttf in Resources */ = {isa = PBXBuildFile; fileRef = E50951F129BFAE7800666B55 /* Montserrat-MediumItalic.ttf */; };
		E509520629BFAE7A00666B55 /* Montserrat-ThinItalic.ttf in Resources */ = {isa = PBXBuildFile; fileRef = E50951F229BFAE7800666B55 /* Montserrat-ThinItalic.ttf */; };
		E509520729BFAE7A00666B55 /* Montserrat-BlackItalic.ttf in Resources */ = {isa = PBXBuildFile; fileRef = E50951F329BFAE7800666B55 /* Montserrat-BlackItalic.ttf */; };
		E509520829BFAE7A00666B55 /* Montserrat-LightItalic.ttf in Resources */ = {isa = PBXBuildFile; fileRef = E50951F429BFAE7800666B55 /* Montserrat-LightItalic.ttf */; };
		E509520929BFAE7A00666B55 /* Montserrat-Regular.ttf in Resources */ = {isa = PBXBuildFile; fileRef = E50951F529BFAE7800666B55 /* Montserrat-Regular.ttf */; };
		E509520B29BFAE7A00666B55 /* Montserrat-ExtraBold.ttf in Resources */ = {isa = PBXBuildFile; fileRef = E50951F729BFAE7800666B55 /* Montserrat-ExtraBold.ttf */; };
		E509520C29BFAE7A00666B55 /* Montserrat-BoldItalic.ttf in Resources */ = {isa = PBXBuildFile; fileRef = E50951F829BFAE7900666B55 /* Montserrat-BoldItalic.ttf */; };
		E509520D29BFAE7A00666B55 /* Montserrat-Italic.ttf in Resources */ = {isa = PBXBuildFile; fileRef = E50951F929BFAE7900666B55 /* Montserrat-Italic.ttf */; };
		E509520E29BFAE7A00666B55 /* Montserrat-SemiBold.ttf in Resources */ = {isa = PBXBuildFile; fileRef = E50951FA29BFAE7900666B55 /* Montserrat-SemiBold.ttf */; };
		E509520F29BFAE7A00666B55 /* Montserrat-Thin.ttf in Resources */ = {isa = PBXBuildFile; fileRef = E50951FB29BFAE7900666B55 /* Montserrat-Thin.ttf */; };
		E509521029BFAE7A00666B55 /* Montserrat-Bold.ttf in Resources */ = {isa = PBXBuildFile; fileRef = E50951FC29BFAE7900666B55 /* Montserrat-Bold.ttf */; };
		E509521129BFAE7A00666B55 /* Montserrat-ExtraLightItalic.ttf in Resources */ = {isa = PBXBuildFile; fileRef = E50951FD29BFAE7900666B55 /* Montserrat-ExtraLightItalic.ttf */; };
		E509521229BFAE7A00666B55 /* Montserrat-ExtraLight.ttf in Resources */ = {isa = PBXBuildFile; fileRef = E50951FE29BFAE7900666B55 /* Montserrat-ExtraLight.ttf */; };
		E509521329BFAE7A00666B55 /* Montserrat-ExtraBoldItalic.ttf in Resources */ = {isa = PBXBuildFile; fileRef = E50951FF29BFAE7900666B55 /* Montserrat-ExtraBoldItalic.ttf */; };
		E509521429BFAE7A00666B55 /* Montserrat-Black.ttf in Resources */ = {isa = PBXBuildFile; fileRef = E509520029BFAE7900666B55 /* Montserrat-Black.ttf */; };
		E509521529BFAE7A00666B55 /* Montserrat-SemiBoldItalic.ttf in Resources */ = {isa = PBXBuildFile; fileRef = E509520129BFAE7900666B55 /* Montserrat-SemiBoldItalic.ttf */; };
		E509521629BFAE7A00666B55 /* Montserrat-Light.ttf in Resources */ = {isa = PBXBuildFile; fileRef = E509520229BFAE7A00666B55 /* Montserrat-Light.ttf */; };
		E509521829C1052100666B55 /* HideButton.swift in Sources */ = {isa = PBXBuildFile; fileRef = E509521729C1052100666B55 /* HideButton.swift */; };
		E509521B29C23C0F00666B55 /* SignInViewController.swift in Sources */ = {isa = PBXBuildFile; fileRef = E509521A29C23C0F00666B55 /* SignInViewController.swift */; };
		E509521D29C240B300666B55 /* AuthTextField.swift in Sources */ = {isa = PBXBuildFile; fileRef = E509521C29C240B300666B55 /* AuthTextField.swift */; };
		E509521F29CB7F4700666B55 /* TitleLabel.swift in Sources */ = {isa = PBXBuildFile; fileRef = E509521E29CB7F4600666B55 /* TitleLabel.swift */; };
		E509522129CB846900666B55 /* LogButton.swift in Sources */ = {isa = PBXBuildFile; fileRef = E509522029CB846900666B55 /* LogButton.swift */; };
		E509522329CB898B00666B55 /* ExtraButton.swift in Sources */ = {isa = PBXBuildFile; fileRef = E509522229CB898B00666B55 /* ExtraButton.swift */; };
		E598C1DF29BF8BF9000DCD95 /* AppDelegate.swift in Sources */ = {isa = PBXBuildFile; fileRef = E598C1DE29BF8BF9000DCD95 /* AppDelegate.swift */; };
		E598C1E129BF8BF9000DCD95 /* SceneDelegate.swift in Sources */ = {isa = PBXBuildFile; fileRef = E598C1E029BF8BF9000DCD95 /* SceneDelegate.swift */; };
		E598C1E329BF8BF9000DCD95 /* LoginViewController.swift in Sources */ = {isa = PBXBuildFile; fileRef = E598C1E229BF8BF9000DCD95 /* LoginViewController.swift */; };
		E598C1E929BF8BF9000DCD95 /* OnlineShop.xcdatamodeld in Sources */ = {isa = PBXBuildFile; fileRef = E598C1E729BF8BF9000DCD95 /* OnlineShop.xcdatamodeld */; };
		E598C1EB29BF8BFD000DCD95 /* Assets.xcassets in Resources */ = {isa = PBXBuildFile; fileRef = E598C1EA29BF8BFD000DCD95 /* Assets.xcassets */; };
		E598C1EE29BF8BFD000DCD95 /* LaunchScreen.storyboard in Resources */ = {isa = PBXBuildFile; fileRef = E598C1EC29BF8BFD000DCD95 /* LaunchScreen.storyboard */; };
		E598C1F929BF8BFE000DCD95 /* OnlineShopTests.swift in Sources */ = {isa = PBXBuildFile; fileRef = E598C1F829BF8BFE000DCD95 /* OnlineShopTests.swift */; };
		E598C20329BF8BFE000DCD95 /* OnlineShopUITests.swift in Sources */ = {isa = PBXBuildFile; fileRef = E598C20229BF8BFE000DCD95 /* OnlineShopUITests.swift */; };
		E598C20529BF8BFE000DCD95 /* OnlineShopUITestsLaunchTests.swift in Sources */ = {isa = PBXBuildFile; fileRef = E598C20429BF8BFE000DCD95 /* OnlineShopUITestsLaunchTests.swift */; };
		E598C21329BF8F6C000DCD95 /* RootViewController.swift in Sources */ = {isa = PBXBuildFile; fileRef = E598C21229BF8F6C000DCD95 /* RootViewController.swift */; };
/* End PBXBuildFile section */

/* Begin PBXContainerItemProxy section */
		E598C1F529BF8BFE000DCD95 /* PBXContainerItemProxy */ = {
			isa = PBXContainerItemProxy;
			containerPortal = E598C1D329BF8BF9000DCD95 /* Project object */;
			proxyType = 1;
			remoteGlobalIDString = E598C1DA29BF8BF9000DCD95;
			remoteInfo = OnlineShop;
		};
		E598C1FF29BF8BFE000DCD95 /* PBXContainerItemProxy */ = {
			isa = PBXContainerItemProxy;
			containerPortal = E598C1D329BF8BF9000DCD95 /* Project object */;
			proxyType = 1;
			remoteGlobalIDString = E598C1DA29BF8BF9000DCD95;
			remoteInfo = OnlineShop;
		};
/* End PBXContainerItemProxy section */

/* Begin PBXFileReference section */
		E50951E829BF93C600666B55 /* UIColor-extension.swift */ = {isa = PBXFileReference; lastKnownFileType = sourcecode.swift; path = "UIColor-extension.swift"; sourceTree = "<group>"; };
		E50951EA29BF97D000666B55 /* Resources.swift */ = {isa = PBXFileReference; lastKnownFileType = sourcecode.swift; path = Resources.swift; sourceTree = "<group>"; };
		E50951F029BFAE7800666B55 /* Montserrat-Medium.ttf */ = {isa = PBXFileReference; lastKnownFileType = file; name = "Montserrat-Medium.ttf"; path = "../../../../Downloads/Montserrat/Montserrat-Medium.ttf"; sourceTree = "<group>"; };
		E50951F129BFAE7800666B55 /* Montserrat-MediumItalic.ttf */ = {isa = PBXFileReference; lastKnownFileType = file; name = "Montserrat-MediumItalic.ttf"; path = "../../../../Downloads/Montserrat/Montserrat-MediumItalic.ttf"; sourceTree = "<group>"; };
		E50951F229BFAE7800666B55 /* Montserrat-ThinItalic.ttf */ = {isa = PBXFileReference; lastKnownFileType = file; name = "Montserrat-ThinItalic.ttf"; path = "../../../../Downloads/Montserrat/Montserrat-ThinItalic.ttf"; sourceTree = "<group>"; };
		E50951F329BFAE7800666B55 /* Montserrat-BlackItalic.ttf */ = {isa = PBXFileReference; lastKnownFileType = file; name = "Montserrat-BlackItalic.ttf"; path = "../../../../Downloads/Montserrat/Montserrat-BlackItalic.ttf"; sourceTree = "<group>"; };
		E50951F429BFAE7800666B55 /* Montserrat-LightItalic.ttf */ = {isa = PBXFileReference; lastKnownFileType = file; name = "Montserrat-LightItalic.ttf"; path = "../../../../Downloads/Montserrat/Montserrat-LightItalic.ttf"; sourceTree = "<group>"; };
		E50951F529BFAE7800666B55 /* Montserrat-Regular.ttf */ = {isa = PBXFileReference; lastKnownFileType = file; name = "Montserrat-Regular.ttf"; path = "../../../../Downloads/Montserrat/Montserrat-Regular.ttf"; sourceTree = "<group>"; };
		E50951F729BFAE7800666B55 /* Montserrat-ExtraBold.ttf */ = {isa = PBXFileReference; lastKnownFileType = file; name = "Montserrat-ExtraBold.ttf"; path = "../../../../Downloads/Montserrat/Montserrat-ExtraBold.ttf"; sourceTree = "<group>"; };
		E50951F829BFAE7900666B55 /* Montserrat-BoldItalic.ttf */ = {isa = PBXFileReference; lastKnownFileType = file; name = "Montserrat-BoldItalic.ttf"; path = "../../../../Downloads/Montserrat/Montserrat-BoldItalic.ttf"; sourceTree = "<group>"; };
		E50951F929BFAE7900666B55 /* Montserrat-Italic.ttf */ = {isa = PBXFileReference; lastKnownFileType = file; name = "Montserrat-Italic.ttf"; path = "../../../../Downloads/Montserrat/Montserrat-Italic.ttf"; sourceTree = "<group>"; };
		E50951FA29BFAE7900666B55 /* Montserrat-SemiBold.ttf */ = {isa = PBXFileReference; lastKnownFileType = file; name = "Montserrat-SemiBold.ttf"; path = "../../../../Downloads/Montserrat/Montserrat-SemiBold.ttf"; sourceTree = "<group>"; };
		E50951FB29BFAE7900666B55 /* Montserrat-Thin.ttf */ = {isa = PBXFileReference; lastKnownFileType = file; name = "Montserrat-Thin.ttf"; path = "../../../../Downloads/Montserrat/Montserrat-Thin.ttf"; sourceTree = "<group>"; };
		E50951FC29BFAE7900666B55 /* Montserrat-Bold.ttf */ = {isa = PBXFileReference; lastKnownFileType = file; name = "Montserrat-Bold.ttf"; path = "../../../../Downloads/Montserrat/Montserrat-Bold.ttf"; sourceTree = "<group>"; };
		E50951FD29BFAE7900666B55 /* Montserrat-ExtraLightItalic.ttf */ = {isa = PBXFileReference; lastKnownFileType = file; name = "Montserrat-ExtraLightItalic.ttf"; path = "../../../../Downloads/Montserrat/Montserrat-ExtraLightItalic.ttf"; sourceTree = "<group>"; };
		E50951FE29BFAE7900666B55 /* Montserrat-ExtraLight.ttf */ = {isa = PBXFileReference; lastKnownFileType = file; name = "Montserrat-ExtraLight.ttf"; path = "../../../../Downloads/Montserrat/Montserrat-ExtraLight.ttf"; sourceTree = "<group>"; };
		E50951FF29BFAE7900666B55 /* Montserrat-ExtraBoldItalic.ttf */ = {isa = PBXFileReference; lastKnownFileType = file; name = "Montserrat-ExtraBoldItalic.ttf"; path = "../../../../Downloads/Montserrat/Montserrat-ExtraBoldItalic.ttf"; sourceTree = "<group>"; };
		E509520029BFAE7900666B55 /* Montserrat-Black.ttf */ = {isa = PBXFileReference; lastKnownFileType = file; name = "Montserrat-Black.ttf"; path = "../../../../Downloads/Montserrat/Montserrat-Black.ttf"; sourceTree = "<group>"; };
		E509520129BFAE7900666B55 /* Montserrat-SemiBoldItalic.ttf */ = {isa = PBXFileReference; lastKnownFileType = file; name = "Montserrat-SemiBoldItalic.ttf"; path = "../../../../Downloads/Montserrat/Montserrat-SemiBoldItalic.ttf"; sourceTree = "<group>"; };
		E509520229BFAE7A00666B55 /* Montserrat-Light.ttf */ = {isa = PBXFileReference; lastKnownFileType = file; name = "Montserrat-Light.ttf"; path = "../../../../Downloads/Montserrat/Montserrat-Light.ttf"; sourceTree = "<group>"; };
		E509521729C1052100666B55 /* HideButton.swift */ = {isa = PBXFileReference; lastKnownFileType = sourcecode.swift; path = HideButton.swift; sourceTree = "<group>"; };
		E509521A29C23C0F00666B55 /* SignInViewController.swift */ = {isa = PBXFileReference; lastKnownFileType = sourcecode.swift; path = SignInViewController.swift; sourceTree = "<group>"; };
		E509521C29C240B300666B55 /* AuthTextField.swift */ = {isa = PBXFileReference; lastKnownFileType = sourcecode.swift; path = AuthTextField.swift; sourceTree = "<group>"; };
		E509521E29CB7F4600666B55 /* TitleLabel.swift */ = {isa = PBXFileReference; lastKnownFileType = sourcecode.swift; path = TitleLabel.swift; sourceTree = "<group>"; };
		E509522029CB846900666B55 /* LogButton.swift */ = {isa = PBXFileReference; lastKnownFileType = sourcecode.swift; path = LogButton.swift; sourceTree = "<group>"; };
		E509522229CB898B00666B55 /* ExtraButton.swift */ = {isa = PBXFileReference; lastKnownFileType = sourcecode.swift; path = ExtraButton.swift; sourceTree = "<group>"; };
		E598C1DB29BF8BF9000DCD95 /* OnlineShop.app */ = {isa = PBXFileReference; explicitFileType = wrapper.application; includeInIndex = 0; path = OnlineShop.app; sourceTree = BUILT_PRODUCTS_DIR; };
		E598C1DE29BF8BF9000DCD95 /* AppDelegate.swift */ = {isa = PBXFileReference; lastKnownFileType = sourcecode.swift; path = AppDelegate.swift; sourceTree = "<group>"; };
		E598C1E029BF8BF9000DCD95 /* SceneDelegate.swift */ = {isa = PBXFileReference; lastKnownFileType = sourcecode.swift; path = SceneDelegate.swift; sourceTree = "<group>"; };
		E598C1E229BF8BF9000DCD95 /* LoginViewController.swift */ = {isa = PBXFileReference; lastKnownFileType = sourcecode.swift; path = LoginViewController.swift; sourceTree = "<group>"; };
		E598C1E829BF8BF9000DCD95 /* OnlineShop.xcdatamodel */ = {isa = PBXFileReference; lastKnownFileType = wrapper.xcdatamodel; path = OnlineShop.xcdatamodel; sourceTree = "<group>"; };
		E598C1EA29BF8BFD000DCD95 /* Assets.xcassets */ = {isa = PBXFileReference; lastKnownFileType = folder.assetcatalog; path = Assets.xcassets; sourceTree = "<group>"; };
		E598C1ED29BF8BFD000DCD95 /* Base */ = {isa = PBXFileReference; lastKnownFileType = file.storyboard; name = Base; path = Base.lproj/LaunchScreen.storyboard; sourceTree = "<group>"; };
		E598C1EF29BF8BFD000DCD95 /* Info.plist */ = {isa = PBXFileReference; lastKnownFileType = text.plist.xml; path = Info.plist; sourceTree = "<group>"; };
		E598C1F429BF8BFE000DCD95 /* OnlineShopTests.xctest */ = {isa = PBXFileReference; explicitFileType = wrapper.cfbundle; includeInIndex = 0; path = OnlineShopTests.xctest; sourceTree = BUILT_PRODUCTS_DIR; };
		E598C1F829BF8BFE000DCD95 /* OnlineShopTests.swift */ = {isa = PBXFileReference; lastKnownFileType = sourcecode.swift; path = OnlineShopTests.swift; sourceTree = "<group>"; };
		E598C1FE29BF8BFE000DCD95 /* OnlineShopUITests.xctest */ = {isa = PBXFileReference; explicitFileType = wrapper.cfbundle; includeInIndex = 0; path = OnlineShopUITests.xctest; sourceTree = BUILT_PRODUCTS_DIR; };
		E598C20229BF8BFE000DCD95 /* OnlineShopUITests.swift */ = {isa = PBXFileReference; lastKnownFileType = sourcecode.swift; path = OnlineShopUITests.swift; sourceTree = "<group>"; };
		E598C20429BF8BFE000DCD95 /* OnlineShopUITestsLaunchTests.swift */ = {isa = PBXFileReference; lastKnownFileType = sourcecode.swift; path = OnlineShopUITestsLaunchTests.swift; sourceTree = "<group>"; };
		E598C21229BF8F6C000DCD95 /* RootViewController.swift */ = {isa = PBXFileReference; lastKnownFileType = sourcecode.swift; path = RootViewController.swift; sourceTree = "<group>"; };
/* End PBXFileReference section */

/* Begin PBXFrameworksBuildPhase section */
		E598C1D829BF8BF9000DCD95 /* Frameworks */ = {
			isa = PBXFrameworksBuildPhase;
			buildActionMask = 2147483647;
			files = (
			);
			runOnlyForDeploymentPostprocessing = 0;
		};
		E598C1F129BF8BFE000DCD95 /* Frameworks */ = {
			isa = PBXFrameworksBuildPhase;
			buildActionMask = 2147483647;
			files = (
			);
			runOnlyForDeploymentPostprocessing = 0;
		};
		E598C1FB29BF8BFE000DCD95 /* Frameworks */ = {
			isa = PBXFrameworksBuildPhase;
			buildActionMask = 2147483647;
			files = (
			);
			runOnlyForDeploymentPostprocessing = 0;
		};
/* End PBXFrameworksBuildPhase section */

/* Begin PBXGroup section */
		E50951E629BF933B00666B55 /* Helpers */ = {
			isa = PBXGroup;
			children = (
				E50951E729BF934B00666B55 /* Extensions */,
				E50951EA29BF97D000666B55 /* Resources.swift */,
			);
			path = Helpers;
			sourceTree = "<group>";
		};
		E50951E729BF934B00666B55 /* Extensions */ = {
			isa = PBXGroup;
			children = (
				E50951E829BF93C600666B55 /* UIColor-extension.swift */,
			);
			path = Extensions;
			sourceTree = "<group>";
		};
		E50951EE29BFAE4600666B55 /* Resources */ = {
			isa = PBXGroup;
			children = (
				E509520029BFAE7900666B55 /* Montserrat-Black.ttf */,
				E50951F329BFAE7800666B55 /* Montserrat-BlackItalic.ttf */,
				E50951FC29BFAE7900666B55 /* Montserrat-Bold.ttf */,
				E50951F829BFAE7900666B55 /* Montserrat-BoldItalic.ttf */,
				E50951F729BFAE7800666B55 /* Montserrat-ExtraBold.ttf */,
				E50951FF29BFAE7900666B55 /* Montserrat-ExtraBoldItalic.ttf */,
				E50951FE29BFAE7900666B55 /* Montserrat-ExtraLight.ttf */,
				E50951FD29BFAE7900666B55 /* Montserrat-ExtraLightItalic.ttf */,
				E50951F929BFAE7900666B55 /* Montserrat-Italic.ttf */,
				E509520229BFAE7A00666B55 /* Montserrat-Light.ttf */,
				E50951F429BFAE7800666B55 /* Montserrat-LightItalic.ttf */,
				E50951F029BFAE7800666B55 /* Montserrat-Medium.ttf */,
				E50951F129BFAE7800666B55 /* Montserrat-MediumItalic.ttf */,
				E50951F529BFAE7800666B55 /* Montserrat-Regular.ttf */,
				E50951FA29BFAE7900666B55 /* Montserrat-SemiBold.ttf */,
				E509520129BFAE7900666B55 /* Montserrat-SemiBoldItalic.ttf */,
				E50951FB29BFAE7900666B55 /* Montserrat-Thin.ttf */,
				E50951F229BFAE7800666B55 /* Montserrat-ThinItalic.ttf */,
			);
			path = Resources;
			sourceTree = "<group>";
		};
		E509521929C10EB800666B55 /* SubViews */ = {
			isa = PBXGroup;
			children = (
				E509521729C1052100666B55 /* HideButton.swift */,
				E509521C29C240B300666B55 /* AuthTextField.swift */,
				E509521E29CB7F4600666B55 /* TitleLabel.swift */,
				E509522029CB846900666B55 /* LogButton.swift */,
				E509522229CB898B00666B55 /* ExtraButton.swift */,
			);
			path = SubViews;
			sourceTree = "<group>";
		};
		E598C1D229BF8BF9000DCD95 = {
			isa = PBXGroup;
			children = (
				E598C1DD29BF8BF9000DCD95 /* OnlineShop */,
				E598C1F729BF8BFE000DCD95 /* OnlineShopTests */,
				E598C20129BF8BFE000DCD95 /* OnlineShopUITests */,
				E598C1DC29BF8BF9000DCD95 /* Products */,
			);
			sourceTree = "<group>";
		};
		E598C1DC29BF8BF9000DCD95 /* Products */ = {
			isa = PBXGroup;
			children = (
				E598C1DB29BF8BF9000DCD95 /* OnlineShop.app */,
				E598C1F429BF8BFE000DCD95 /* OnlineShopTests.xctest */,
				E598C1FE29BF8BFE000DCD95 /* OnlineShopUITests.xctest */,
			);
			name = Products;
			sourceTree = "<group>";
		};
		E598C1DD29BF8BF9000DCD95 /* OnlineShop */ = {
			isa = PBXGroup;
			children = (
				E50951E629BF933B00666B55 /* Helpers */,
				E598C21129BF8F48000DCD95 /* Views */,
				E598C1DE29BF8BF9000DCD95 /* AppDelegate.swift */,
				E598C1E029BF8BF9000DCD95 /* SceneDelegate.swift */,
				E50951EE29BFAE4600666B55 /* Resources */,
				E598C1EA29BF8BFD000DCD95 /* Assets.xcassets */,
				E598C1EC29BF8BFD000DCD95 /* LaunchScreen.storyboard */,
				E598C1EF29BF8BFD000DCD95 /* Info.plist */,
				E598C1E729BF8BF9000DCD95 /* OnlineShop.xcdatamodeld */,
			);
			path = OnlineShop;
			sourceTree = "<group>";
		};
		E598C1F729BF8BFE000DCD95 /* OnlineShopTests */ = {
			isa = PBXGroup;
			children = (
				E598C1F829BF8BFE000DCD95 /* OnlineShopTests.swift */,
			);
			path = OnlineShopTests;
			sourceTree = "<group>";
		};
		E598C20129BF8BFE000DCD95 /* OnlineShopUITests */ = {
			isa = PBXGroup;
			children = (
				E598C20229BF8BFE000DCD95 /* OnlineShopUITests.swift */,
				E598C20429BF8BFE000DCD95 /* OnlineShopUITestsLaunchTests.swift */,
			);
			path = OnlineShopUITests;
			sourceTree = "<group>";
		};
		E598C21129BF8F48000DCD95 /* Views */ = {
			isa = PBXGroup;
			children = (
				E509521929C10EB800666B55 /* SubViews */,
				E598C21229BF8F6C000DCD95 /* RootViewController.swift */,
				E509521A29C23C0F00666B55 /* SignInViewController.swift */,
				E598C1E229BF8BF9000DCD95 /* LoginViewController.swift */,
			);
			path = Views;
			sourceTree = "<group>";
		};
/* End PBXGroup section */

/* Begin PBXNativeTarget section */
		E598C1DA29BF8BF9000DCD95 /* OnlineShop */ = {
			isa = PBXNativeTarget;
			buildConfigurationList = E598C20829BF8BFE000DCD95 /* Build configuration list for PBXNativeTarget "OnlineShop" */;
			buildPhases = (
				E598C1D729BF8BF9000DCD95 /* Sources */,
				E598C1D829BF8BF9000DCD95 /* Frameworks */,
				E598C1D929BF8BF9000DCD95 /* Resources */,
			);
			buildRules = (
			);
			dependencies = (
			);
			name = OnlineShop;
			productName = OnlineShop;
			productReference = E598C1DB29BF8BF9000DCD95 /* OnlineShop.app */;
			productType = "com.apple.product-type.application";
		};
		E598C1F329BF8BFE000DCD95 /* OnlineShopTests */ = {
			isa = PBXNativeTarget;
			buildConfigurationList = E598C20B29BF8BFE000DCD95 /* Build configuration list for PBXNativeTarget "OnlineShopTests" */;
			buildPhases = (
				E598C1F029BF8BFE000DCD95 /* Sources */,
				E598C1F129BF8BFE000DCD95 /* Frameworks */,
				E598C1F229BF8BFE000DCD95 /* Resources */,
			);
			buildRules = (
			);
			dependencies = (
				E598C1F629BF8BFE000DCD95 /* PBXTargetDependency */,
			);
			name = OnlineShopTests;
			productName = OnlineShopTests;
			productReference = E598C1F429BF8BFE000DCD95 /* OnlineShopTests.xctest */;
			productType = "com.apple.product-type.bundle.unit-test";
		};
		E598C1FD29BF8BFE000DCD95 /* OnlineShopUITests */ = {
			isa = PBXNativeTarget;
			buildConfigurationList = E598C20E29BF8BFE000DCD95 /* Build configuration list for PBXNativeTarget "OnlineShopUITests" */;
			buildPhases = (
				E598C1FA29BF8BFE000DCD95 /* Sources */,
				E598C1FB29BF8BFE000DCD95 /* Frameworks */,
				E598C1FC29BF8BFE000DCD95 /* Resources */,
			);
			buildRules = (
			);
			dependencies = (
				E598C20029BF8BFE000DCD95 /* PBXTargetDependency */,
			);
			name = OnlineShopUITests;
			productName = OnlineShopUITests;
			productReference = E598C1FE29BF8BFE000DCD95 /* OnlineShopUITests.xctest */;
			productType = "com.apple.product-type.bundle.ui-testing";
		};
/* End PBXNativeTarget section */

/* Begin PBXProject section */
		E598C1D329BF8BF9000DCD95 /* Project object */ = {
			isa = PBXProject;
			attributes = {
				BuildIndependentTargetsInParallel = 1;
				LastSwiftUpdateCheck = 1420;
				LastUpgradeCheck = 1420;
				TargetAttributes = {
					E598C1DA29BF8BF9000DCD95 = {
						CreatedOnToolsVersion = 14.2;
					};
					E598C1F329BF8BFE000DCD95 = {
						CreatedOnToolsVersion = 14.2;
						TestTargetID = E598C1DA29BF8BF9000DCD95;
					};
					E598C1FD29BF8BFE000DCD95 = {
						CreatedOnToolsVersion = 14.2;
						TestTargetID = E598C1DA29BF8BF9000DCD95;
					};
				};
			};
			buildConfigurationList = E598C1D629BF8BF9000DCD95 /* Build configuration list for PBXProject "OnlineShop" */;
			compatibilityVersion = "Xcode 14.0";
			developmentRegion = en;
			hasScannedForEncodings = 0;
			knownRegions = (
				en,
				Base,
			);
			mainGroup = E598C1D229BF8BF9000DCD95;
			productRefGroup = E598C1DC29BF8BF9000DCD95 /* Products */;
			projectDirPath = "";
			projectRoot = "";
			targets = (
				E598C1DA29BF8BF9000DCD95 /* OnlineShop */,
				E598C1F329BF8BFE000DCD95 /* OnlineShopTests */,
				E598C1FD29BF8BFE000DCD95 /* OnlineShopUITests */,
			);
		};
/* End PBXProject section */

/* Begin PBXResourcesBuildPhase section */
		E598C1D929BF8BF9000DCD95 /* Resources */ = {
			isa = PBXResourcesBuildPhase;
			buildActionMask = 2147483647;
			files = (
				E509521529BFAE7A00666B55 /* Montserrat-SemiBoldItalic.ttf in Resources */,
				E509520C29BFAE7A00666B55 /* Montserrat-BoldItalic.ttf in Resources */,
				E509521429BFAE7A00666B55 /* Montserrat-Black.ttf in Resources */,
				E509521329BFAE7A00666B55 /* Montserrat-ExtraBoldItalic.ttf in Resources */,
				E509520929BFAE7A00666B55 /* Montserrat-Regular.ttf in Resources */,
				E509521629BFAE7A00666B55 /* Montserrat-Light.ttf in Resources */,
				E509520829BFAE7A00666B55 /* Montserrat-LightItalic.ttf in Resources */,
				E509520529BFAE7A00666B55 /* Montserrat-MediumItalic.ttf in Resources */,
				E509520729BFAE7A00666B55 /* Montserrat-BlackItalic.ttf in Resources */,
				E509520629BFAE7A00666B55 /* Montserrat-ThinItalic.ttf in Resources */,
				E598C1EE29BF8BFD000DCD95 /* LaunchScreen.storyboard in Resources */,
				E509520B29BFAE7A00666B55 /* Montserrat-ExtraBold.ttf in Resources */,
				E509520F29BFAE7A00666B55 /* Montserrat-Thin.ttf in Resources */,
				E509520E29BFAE7A00666B55 /* Montserrat-SemiBold.ttf in Resources */,
				E509521029BFAE7A00666B55 /* Montserrat-Bold.ttf in Resources */,
				E509521229BFAE7A00666B55 /* Montserrat-ExtraLight.ttf in Resources */,
				E509520429BFAE7A00666B55 /* Montserrat-Medium.ttf in Resources */,
				E509521129BFAE7A00666B55 /* Montserrat-ExtraLightItalic.ttf in Resources */,
				E509520D29BFAE7A00666B55 /* Montserrat-Italic.ttf in Resources */,
				E598C1EB29BF8BFD000DCD95 /* Assets.xcassets in Resources */,
			);
			runOnlyForDeploymentPostprocessing = 0;
		};
		E598C1F229BF8BFE000DCD95 /* Resources */ = {
			isa = PBXResourcesBuildPhase;
			buildActionMask = 2147483647;
			files = (
			);
			runOnlyForDeploymentPostprocessing = 0;
		};
		E598C1FC29BF8BFE000DCD95 /* Resources */ = {
			isa = PBXResourcesBuildPhase;
			buildActionMask = 2147483647;
			files = (
			);
			runOnlyForDeploymentPostprocessing = 0;
		};
/* End PBXResourcesBuildPhase section */

/* Begin PBXSourcesBuildPhase section */
		E598C1D729BF8BF9000DCD95 /* Sources */ = {
			isa = PBXSourcesBuildPhase;
			buildActionMask = 2147483647;
			files = (
				E598C21329BF8F6C000DCD95 /* RootViewController.swift in Sources */,
				E509522329CB898B00666B55 /* ExtraButton.swift in Sources */,
				E509521D29C240B300666B55 /* AuthTextField.swift in Sources */,
				E509521829C1052100666B55 /* HideButton.swift in Sources */,
				E50951E929BF93C600666B55 /* UIColor-extension.swift in Sources */,
				E509521F29CB7F4700666B55 /* TitleLabel.swift in Sources */,
				E50951EB29BF97D000666B55 /* Resources.swift in Sources */,
				E598C1E329BF8BF9000DCD95 /* LoginViewController.swift in Sources */,
				E509521B29C23C0F00666B55 /* SignInViewController.swift in Sources */,
				E509522129CB846900666B55 /* LogButton.swift in Sources */,
				E598C1DF29BF8BF9000DCD95 /* AppDelegate.swift in Sources */,
				E598C1E929BF8BF9000DCD95 /* OnlineShop.xcdatamodeld in Sources */,
				E598C1E129BF8BF9000DCD95 /* SceneDelegate.swift in Sources */,
			);
			runOnlyForDeploymentPostprocessing = 0;
		};
		E598C1F029BF8BFE000DCD95 /* Sources */ = {
			isa = PBXSourcesBuildPhase;
			buildActionMask = 2147483647;
			files = (
				E598C1F929BF8BFE000DCD95 /* OnlineShopTests.swift in Sources */,
			);
			runOnlyForDeploymentPostprocessing = 0;
		};
		E598C1FA29BF8BFE000DCD95 /* Sources */ = {
			isa = PBXSourcesBuildPhase;
			buildActionMask = 2147483647;
			files = (
				E598C20329BF8BFE000DCD95 /* OnlineShopUITests.swift in Sources */,
				E598C20529BF8BFE000DCD95 /* OnlineShopUITestsLaunchTests.swift in Sources */,
			);
			runOnlyForDeploymentPostprocessing = 0;
		};
/* End PBXSourcesBuildPhase section */

/* Begin PBXTargetDependency section */
		E598C1F629BF8BFE000DCD95 /* PBXTargetDependency */ = {
			isa = PBXTargetDependency;
			target = E598C1DA29BF8BF9000DCD95 /* OnlineShop */;
			targetProxy = E598C1F529BF8BFE000DCD95 /* PBXContainerItemProxy */;
		};
		E598C20029BF8BFE000DCD95 /* PBXTargetDependency */ = {
			isa = PBXTargetDependency;
			target = E598C1DA29BF8BF9000DCD95 /* OnlineShop */;
			targetProxy = E598C1FF29BF8BFE000DCD95 /* PBXContainerItemProxy */;
		};
/* End PBXTargetDependency section */

/* Begin PBXVariantGroup section */
		E598C1EC29BF8BFD000DCD95 /* LaunchScreen.storyboard */ = {
			isa = PBXVariantGroup;
			children = (
				E598C1ED29BF8BFD000DCD95 /* Base */,
			);
			name = LaunchScreen.storyboard;
			sourceTree = "<group>";
		};
/* End PBXVariantGroup section */

/* Begin XCBuildConfiguration section */
		E598C20629BF8BFE000DCD95 /* Debug */ = {
			isa = XCBuildConfiguration;
			buildSettings = {
				ALWAYS_SEARCH_USER_PATHS = NO;
				CLANG_ANALYZER_NONNULL = YES;
				CLANG_ANALYZER_NUMBER_OBJECT_CONVERSION = YES_AGGRESSIVE;
				CLANG_CXX_LANGUAGE_STANDARD = "gnu++20";
				CLANG_ENABLE_MODULES = YES;
				CLANG_ENABLE_OBJC_ARC = YES;
				CLANG_ENABLE_OBJC_WEAK = YES;
				CLANG_WARN_BLOCK_CAPTURE_AUTORELEASING = YES;
				CLANG_WARN_BOOL_CONVERSION = YES;
				CLANG_WARN_COMMA = YES;
				CLANG_WARN_CONSTANT_CONVERSION = YES;
				CLANG_WARN_DEPRECATED_OBJC_IMPLEMENTATIONS = YES;
				CLANG_WARN_DIRECT_OBJC_ISA_USAGE = YES_ERROR;
				CLANG_WARN_DOCUMENTATION_COMMENTS = YES;
				CLANG_WARN_EMPTY_BODY = YES;
				CLANG_WARN_ENUM_CONVERSION = YES;
				CLANG_WARN_INFINITE_RECURSION = YES;
				CLANG_WARN_INT_CONVERSION = YES;
				CLANG_WARN_NON_LITERAL_NULL_CONVERSION = YES;
				CLANG_WARN_OBJC_IMPLICIT_RETAIN_SELF = YES;
				CLANG_WARN_OBJC_LITERAL_CONVERSION = YES;
				CLANG_WARN_OBJC_ROOT_CLASS = YES_ERROR;
				CLANG_WARN_QUOTED_INCLUDE_IN_FRAMEWORK_HEADER = YES;
				CLANG_WARN_RANGE_LOOP_ANALYSIS = YES;
				CLANG_WARN_STRICT_PROTOTYPES = YES;
				CLANG_WARN_SUSPICIOUS_MOVE = YES;
				CLANG_WARN_UNGUARDED_AVAILABILITY = YES_AGGRESSIVE;
				CLANG_WARN_UNREACHABLE_CODE = YES;
				CLANG_WARN__DUPLICATE_METHOD_MATCH = YES;
				COPY_PHASE_STRIP = NO;
				DEBUG_INFORMATION_FORMAT = dwarf;
				ENABLE_STRICT_OBJC_MSGSEND = YES;
				ENABLE_TESTABILITY = YES;
				GCC_C_LANGUAGE_STANDARD = gnu11;
				GCC_DYNAMIC_NO_PIC = NO;
				GCC_NO_COMMON_BLOCKS = YES;
				GCC_OPTIMIZATION_LEVEL = 0;
				GCC_PREPROCESSOR_DEFINITIONS = (
					"DEBUG=1",
					"$(inherited)",
				);
				GCC_WARN_64_TO_32_BIT_CONVERSION = YES;
				GCC_WARN_ABOUT_RETURN_TYPE = YES_ERROR;
				GCC_WARN_UNDECLARED_SELECTOR = YES;
				GCC_WARN_UNINITIALIZED_AUTOS = YES_AGGRESSIVE;
				GCC_WARN_UNUSED_FUNCTION = YES;
				GCC_WARN_UNUSED_VARIABLE = YES;
				IPHONEOS_DEPLOYMENT_TARGET = 16.2;
				MTL_ENABLE_DEBUG_INFO = INCLUDE_SOURCE;
				MTL_FAST_MATH = YES;
				ONLY_ACTIVE_ARCH = YES;
				SDKROOT = iphoneos;
				SWIFT_ACTIVE_COMPILATION_CONDITIONS = DEBUG;
				SWIFT_OPTIMIZATION_LEVEL = "-Onone";
			};
			name = Debug;
		};
		E598C20729BF8BFE000DCD95 /* Release */ = {
			isa = XCBuildConfiguration;
			buildSettings = {
				ALWAYS_SEARCH_USER_PATHS = NO;
				CLANG_ANALYZER_NONNULL = YES;
				CLANG_ANALYZER_NUMBER_OBJECT_CONVERSION = YES_AGGRESSIVE;
				CLANG_CXX_LANGUAGE_STANDARD = "gnu++20";
				CLANG_ENABLE_MODULES = YES;
				CLANG_ENABLE_OBJC_ARC = YES;
				CLANG_ENABLE_OBJC_WEAK = YES;
				CLANG_WARN_BLOCK_CAPTURE_AUTORELEASING = YES;
				CLANG_WARN_BOOL_CONVERSION = YES;
				CLANG_WARN_COMMA = YES;
				CLANG_WARN_CONSTANT_CONVERSION = YES;
				CLANG_WARN_DEPRECATED_OBJC_IMPLEMENTATIONS = YES;
				CLANG_WARN_DIRECT_OBJC_ISA_USAGE = YES_ERROR;
				CLANG_WARN_DOCUMENTATION_COMMENTS = YES;
				CLANG_WARN_EMPTY_BODY = YES;
				CLANG_WARN_ENUM_CONVERSION = YES;
				CLANG_WARN_INFINITE_RECURSION = YES;
				CLANG_WARN_INT_CONVERSION = YES;
				CLANG_WARN_NON_LITERAL_NULL_CONVERSION = YES;
				CLANG_WARN_OBJC_IMPLICIT_RETAIN_SELF = YES;
				CLANG_WARN_OBJC_LITERAL_CONVERSION = YES;
				CLANG_WARN_OBJC_ROOT_CLASS = YES_ERROR;
				CLANG_WARN_QUOTED_INCLUDE_IN_FRAMEWORK_HEADER = YES;
				CLANG_WARN_RANGE_LOOP_ANALYSIS = YES;
				CLANG_WARN_STRICT_PROTOTYPES = YES;
				CLANG_WARN_SUSPICIOUS_MOVE = YES;
				CLANG_WARN_UNGUARDED_AVAILABILITY = YES_AGGRESSIVE;
				CLANG_WARN_UNREACHABLE_CODE = YES;
				CLANG_WARN__DUPLICATE_METHOD_MATCH = YES;
				COPY_PHASE_STRIP = NO;
				DEBUG_INFORMATION_FORMAT = "dwarf-with-dsym";
				ENABLE_NS_ASSERTIONS = NO;
				ENABLE_STRICT_OBJC_MSGSEND = YES;
				GCC_C_LANGUAGE_STANDARD = gnu11;
				GCC_NO_COMMON_BLOCKS = YES;
				GCC_WARN_64_TO_32_BIT_CONVERSION = YES;
				GCC_WARN_ABOUT_RETURN_TYPE = YES_ERROR;
				GCC_WARN_UNDECLARED_SELECTOR = YES;
				GCC_WARN_UNINITIALIZED_AUTOS = YES_AGGRESSIVE;
				GCC_WARN_UNUSED_FUNCTION = YES;
				GCC_WARN_UNUSED_VARIABLE = YES;
				IPHONEOS_DEPLOYMENT_TARGET = 16.2;
				MTL_ENABLE_DEBUG_INFO = NO;
				MTL_FAST_MATH = YES;
				SDKROOT = iphoneos;
				SWIFT_COMPILATION_MODE = wholemodule;
				SWIFT_OPTIMIZATION_LEVEL = "-O";
				VALIDATE_PRODUCT = YES;
			};
			name = Release;
		};
		E598C20929BF8BFE000DCD95 /* Debug */ = {
			isa = XCBuildConfiguration;
			buildSettings = {
				ASSETCATALOG_COMPILER_APPICON_NAME = AppIcon;
				ASSETCATALOG_COMPILER_GLOBAL_ACCENT_COLOR_NAME = AccentColor;
				CODE_SIGN_STYLE = Automatic;
				CURRENT_PROJECT_VERSION = 1;
				DEVELOPMENT_TEAM = L8ZXWNP3PM;
				GENERATE_INFOPLIST_FILE = YES;
				INFOPLIST_FILE = OnlineShop/Info.plist;
				INFOPLIST_KEY_UIApplicationSupportsIndirectInputEvents = YES;
				INFOPLIST_KEY_UILaunchStoryboardName = LaunchScreen;
				INFOPLIST_KEY_UIMainStoryboardFile = "";
				INFOPLIST_KEY_UISupportedInterfaceOrientations_iPad = "UIInterfaceOrientationPortrait UIInterfaceOrientationPortraitUpsideDown UIInterfaceOrientationLandscapeLeft UIInterfaceOrientationLandscapeRight";
				INFOPLIST_KEY_UISupportedInterfaceOrientations_iPhone = "UIInterfaceOrientationPortrait UIInterfaceOrientationLandscapeLeft UIInterfaceOrientationLandscapeRight";
				LD_RUNPATH_SEARCH_PATHS = (
					"$(inherited)",
					"@executable_path/Frameworks",
				);
				MARKETING_VERSION = 1.0;
				PRODUCT_BUNDLE_IDENTIFIER = Nikita.OnlineShop;
				PRODUCT_NAME = "$(TARGET_NAME)";
				SWIFT_EMIT_LOC_STRINGS = YES;
				SWIFT_VERSION = 5.0;
				TARGETED_DEVICE_FAMILY = "1,2";
			};
			name = Debug;
		};
		E598C20A29BF8BFE000DCD95 /* Release */ = {
			isa = XCBuildConfiguration;
			buildSettings = {
				ASSETCATALOG_COMPILER_APPICON_NAME = AppIcon;
				ASSETCATALOG_COMPILER_GLOBAL_ACCENT_COLOR_NAME = AccentColor;
				CODE_SIGN_STYLE = Automatic;
				CURRENT_PROJECT_VERSION = 1;
				DEVELOPMENT_TEAM = L8ZXWNP3PM;
				GENERATE_INFOPLIST_FILE = YES;
				INFOPLIST_FILE = OnlineShop/Info.plist;
				INFOPLIST_KEY_UIApplicationSupportsIndirectInputEvents = YES;
				INFOPLIST_KEY_UILaunchStoryboardName = LaunchScreen;
				INFOPLIST_KEY_UIMainStoryboardFile = "";
				INFOPLIST_KEY_UISupportedInterfaceOrientations_iPad = "UIInterfaceOrientationPortrait UIInterfaceOrientationPortraitUpsideDown UIInterfaceOrientationLandscapeLeft UIInterfaceOrientationLandscapeRight";
				INFOPLIST_KEY_UISupportedInterfaceOrientations_iPhone = "UIInterfaceOrientationPortrait UIInterfaceOrientationLandscapeLeft UIInterfaceOrientationLandscapeRight";
				LD_RUNPATH_SEARCH_PATHS = (
					"$(inherited)",
					"@executable_path/Frameworks",
				);
				MARKETING_VERSION = 1.0;
				PRODUCT_BUNDLE_IDENTIFIER = Nikita.OnlineShop;
				PRODUCT_NAME = "$(TARGET_NAME)";
				SWIFT_EMIT_LOC_STRINGS = YES;
				SWIFT_VERSION = 5.0;
				TARGETED_DEVICE_FAMILY = "1,2";
			};
			name = Release;
		};
		E598C20C29BF8BFE000DCD95 /* Debug */ = {
			isa = XCBuildConfiguration;
			buildSettings = {
				ALWAYS_EMBED_SWIFT_STANDARD_LIBRARIES = YES;
				BUNDLE_LOADER = "$(TEST_HOST)";
				CODE_SIGN_STYLE = Automatic;
				CURRENT_PROJECT_VERSION = 1;
				DEVELOPMENT_TEAM = L8ZXWNP3PM;
				GENERATE_INFOPLIST_FILE = YES;
				IPHONEOS_DEPLOYMENT_TARGET = 16.2;
				MARKETING_VERSION = 1.0;
				PRODUCT_BUNDLE_IDENTIFIER = Nikita.OnlineShopTests;
				PRODUCT_NAME = "$(TARGET_NAME)";
				SWIFT_EMIT_LOC_STRINGS = NO;
				SWIFT_VERSION = 5.0;
				TARGETED_DEVICE_FAMILY = "1,2";
				TEST_HOST = "$(BUILT_PRODUCTS_DIR)/OnlineShop.app/$(BUNDLE_EXECUTABLE_FOLDER_PATH)/OnlineShop";
			};
			name = Debug;
		};
		E598C20D29BF8BFE000DCD95 /* Release */ = {
			isa = XCBuildConfiguration;
			buildSettings = {
				ALWAYS_EMBED_SWIFT_STANDARD_LIBRARIES = YES;
				BUNDLE_LOADER = "$(TEST_HOST)";
				CODE_SIGN_STYLE = Automatic;
				CURRENT_PROJECT_VERSION = 1;
				DEVELOPMENT_TEAM = L8ZXWNP3PM;
				GENERATE_INFOPLIST_FILE = YES;
				IPHONEOS_DEPLOYMENT_TARGET = 16.2;
				MARKETING_VERSION = 1.0;
				PRODUCT_BUNDLE_IDENTIFIER = Nikita.OnlineShopTests;
				PRODUCT_NAME = "$(TARGET_NAME)";
				SWIFT_EMIT_LOC_STRINGS = NO;
				SWIFT_VERSION = 5.0;
				TARGETED_DEVICE_FAMILY = "1,2";
				TEST_HOST = "$(BUILT_PRODUCTS_DIR)/OnlineShop.app/$(BUNDLE_EXECUTABLE_FOLDER_PATH)/OnlineShop";
			};
			name = Release;
		};
		E598C20F29BF8BFE000DCD95 /* Debug */ = {
			isa = XCBuildConfiguration;
			buildSettings = {
				ALWAYS_EMBED_SWIFT_STANDARD_LIBRARIES = YES;
				CODE_SIGN_STYLE = Automatic;
				CURRENT_PROJECT_VERSION = 1;
				DEVELOPMENT_TEAM = L8ZXWNP3PM;
				GENERATE_INFOPLIST_FILE = YES;
				MARKETING_VERSION = 1.0;
				PRODUCT_BUNDLE_IDENTIFIER = Nikita.OnlineShopUITests;
				PRODUCT_NAME = "$(TARGET_NAME)";
				SWIFT_EMIT_LOC_STRINGS = NO;
				SWIFT_VERSION = 5.0;
				TARGETED_DEVICE_FAMILY = "1,2";
				TEST_TARGET_NAME = OnlineShop;
			};
			name = Debug;
		};
		E598C21029BF8BFE000DCD95 /* Release */ = {
			isa = XCBuildConfiguration;
			buildSettings = {
				ALWAYS_EMBED_SWIFT_STANDARD_LIBRARIES = YES;
				CODE_SIGN_STYLE = Automatic;
				CURRENT_PROJECT_VERSION = 1;
				DEVELOPMENT_TEAM = L8ZXWNP3PM;
				GENERATE_INFOPLIST_FILE = YES;
				MARKETING_VERSION = 1.0;
				PRODUCT_BUNDLE_IDENTIFIER = Nikita.OnlineShopUITests;
				PRODUCT_NAME = "$(TARGET_NAME)";
				SWIFT_EMIT_LOC_STRINGS = NO;
				SWIFT_VERSION = 5.0;
				TARGETED_DEVICE_FAMILY = "1,2";
				TEST_TARGET_NAME = OnlineShop;
			};
			name = Release;
		};
/* End XCBuildConfiguration section */

/* Begin XCConfigurationList section */
		E598C1D629BF8BF9000DCD95 /* Build configuration list for PBXProject "OnlineShop" */ = {
			isa = XCConfigurationList;
			buildConfigurations = (
				E598C20629BF8BFE000DCD95 /* Debug */,
				E598C20729BF8BFE000DCD95 /* Release */,
			);
			defaultConfigurationIsVisible = 0;
			defaultConfigurationName = Release;
		};
		E598C20829BF8BFE000DCD95 /* Build configuration list for PBXNativeTarget "OnlineShop" */ = {
			isa = XCConfigurationList;
			buildConfigurations = (
				E598C20929BF8BFE000DCD95 /* Debug */,
				E598C20A29BF8BFE000DCD95 /* Release */,
			);
			defaultConfigurationIsVisible = 0;
			defaultConfigurationName = Release;
		};
		E598C20B29BF8BFE000DCD95 /* Build configuration list for PBXNativeTarget "OnlineShopTests" */ = {
			isa = XCConfigurationList;
			buildConfigurations = (
				E598C20C29BF8BFE000DCD95 /* Debug */,
				E598C20D29BF8BFE000DCD95 /* Release */,
			);
			defaultConfigurationIsVisible = 0;
			defaultConfigurationName = Release;
		};
		E598C20E29BF8BFE000DCD95 /* Build configuration list for PBXNativeTarget "OnlineShopUITests" */ = {
			isa = XCConfigurationList;
			buildConfigurations = (
				E598C20F29BF8BFE000DCD95 /* Debug */,
				E598C21029BF8BFE000DCD95 /* Release */,
			);
			defaultConfigurationIsVisible = 0;
			defaultConfigurationName = Release;
		};
/* End XCConfigurationList section */

/* Begin XCVersionGroup section */
		E598C1E729BF8BF9000DCD95 /* OnlineShop.xcdatamodeld */ = {
			isa = XCVersionGroup;
			children = (
				E598C1E829BF8BF9000DCD95 /* OnlineShop.xcdatamodel */,
			);
			currentVersion = E598C1E829BF8BF9000DCD95 /* OnlineShop.xcdatamodel */;
			path = OnlineShop.xcdatamodeld;
			sourceTree = "<group>";
			versionGroupType = wrapper.xcdatamodel;
		};
/* End XCVersionGroup section */
	};
	rootObject = E598C1D329BF8BF9000DCD95 /* Project object */;
}
